
Microsoft Visual Studio Solution File, Format Version 12.00
# Visual Studio Version 17
VisualStudioVersion = 17.8.34309.116
MinimumVisualStudioVersion = 10.0.40219.1
Project("{FAE04EC0-301F-11D3-BF4B-00C04F79EFBC}") = "Fanyi", "Fanyi\Fanyi.csproj", "{8B33DAA9-CFF5-4AD5-9835-74CCAECED683}"
EndProject
Project("{FAE04EC0-301F-11D3-BF4B-00C04F79EFBC}") = "Fanyi.Baidu", "Fanyi.Baidu\Fanyi.Baidu.csproj", "{3739F66F-4BC6-4A70-866B-969C15272243}"
EndProject
Project("{FAE04EC0-301F-11D3-BF4B-00C04F79EFBC}") = "Fanyi.Abstractions", "Fanyi.Abstractions\Fanyi.Abstractions.csproj", "{F6E81E0D-349B-4118-B96C-5BD8EF08BE97}"
EndProject
Project("{FAE04EC0-301F-11D3-BF4B-00C04F79EFBC}") = "Fanyi.ChatGPT", "Fanyi.ChatGPT\Fanyi.ChatGPT.csproj", "{59BC8453-2B58-4A70-AD8B-E547E14C777F}"
EndProject
Project("{FAE04EC0-301F-11D3-BF4B-00C04F79EFBC}") = "RadLine", "RadLine\RadLine.csproj", "{D4CCE5A0-254A-435B-B39D-3EF1BD232C6C}"
EndProject
Global
	GlobalSection(SolutionConfigurationPlatforms) = preSolution
		Debug|Any CPU = Debug|Any CPU
		Release|Any CPU = Release|Any CPU
	EndGlobalSection
	GlobalSection(ProjectConfigurationPlatforms) = postSolution
		{8B33DAA9-CFF5-4AD5-9835-74CCAECED683}.Debug|Any CPU.ActiveCfg = Debug|Any CPU
		{8B33DAA9-CFF5-4AD5-9835-74CCAECED683}.Debug|Any CPU.Build.0 = Debug|Any CPU
		{8B33DAA9-CFF5-4AD5-9835-74CCAECED683}.Release|Any CPU.ActiveCfg = Release|Any CPU
		{8B33DAA9-CFF5-4AD5-9835-74CCAECED683}.Release|Any CPU.Build.0 = Release|Any CPU
		{3739F66F-4BC6-4A70-866B-969C15272243}.Debug|Any CPU.ActiveCfg = Debug|Any CPU
		{3739F66F-4BC6-4A70-866B-969C15272243}.Debug|Any CPU.Build.0 = Debug|Any CPU
		{3739F66F-4BC6-4A70-866B-969C15272243}.Release|Any CPU.ActiveCfg = Release|Any CPU
		{3739F66F-4BC6-4A70-866B-969C15272243}.Release|Any CPU.Build.0 = Release|Any CPU
		{F6E81E0D-349B-4118-B96C-5BD8EF08BE97}.Debug|Any CPU.ActiveCfg = Debug|Any CPU
		{F6E81E0D-349B-4118-B96C-5BD8EF08BE97}.Debug|Any CPU.Build.0 = Debug|Any CPU
		{F6E81E0D-349B-4118-B96C-5BD8EF08BE97}.Release|Any CPU.ActiveCfg = Release|Any CPU
		{F6E81E0D-349B-4118-B96C-5BD8EF08BE97}.Release|Any CPU.Build.0 = Release|Any CPU
		{59BC8453-2B58-4A70-AD8B-E547E14C777F}.Debug|Any CPU.ActiveCfg = Debug|Any CPU
		{59BC8453-2B58-4A70-AD8B-E547E14C777F}.Debug|Any CPU.Build.0 = Debug|Any CPU
		{59BC8453-2B58-4A70-AD8B-E547E14C777F}.Release|Any CPU.ActiveCfg = Release|Any CPU
		{59BC8453-2B58-4A70-AD8B-E547E14C777F}.Release|Any CPU.Build.0 = Release|Any CPU
		{D4CCE5A0-254A-435B-B39D-3EF1BD232C6C}.Debug|Any CPU.ActiveCfg = Debug|Any CPU
		{D4CCE5A0-254A-435B-B39D-3EF1BD232C6C}.Debug|Any CPU.Build.0 = Debug|Any CPU
		{D4CCE5A0-254A-435B-B39D-3EF1BD232C6C}.Release|Any CPU.ActiveCfg = Release|Any CPU
		{D4CCE5A0-254A-435B-B39D-3EF1BD232C6C}.Release|Any CPU.Build.0 = Release|Any CPU
	EndGlobalSection
	GlobalSection(SolutionProperties) = preSolution
		HideSolutionNode = FALSE
	EndGlobalSection
	GlobalSection(ExtensibilityGlobals) = postSolution
		SolutionGuid = {3ABDE1DF-A2A7-4303-8581-AC300BD290EA}
	EndGlobalSection
EndGlobal
